
Microsoft Visual Studio Solution File, Format Version 12.00
# Visual Studio Version 17
VisualStudioVersion = 17.0.31903.59
MinimumVisualStudioVersion = 10.0.40219.1
Project("{2150E333-8FDC-42A3-9474-1A3956D46DE8}") = "src", "src", "{805B0DE7-1B5A-4185-A848-3CD42CAE8177}"
EndProject
Project("{FAE04EC0-301F-11D3-BF4B-00C04F79EFBC}") = "EcoSmart.API", "src\EcoSmart.API\EcoSmart.API.csproj", "{805C940B-7360-4767-A177-D1A6835C7B70}"
EndProject
Project("{FAE04EC0-301F-11D3-BF4B-00C04F79EFBC}") = "EcoSmart.Core", "src\EcoSmart.Core\EcoSmart.Core.csproj", "{231126AA-F1D1-49F0-86A1-930F714DBFB6}"
EndProject
Project("{FAE04EC0-301F-11D3-BF4B-00C04F79EFBC}") = "EcoSmart.Infrastructure", "src\EcoSmart.Infrastructure\EcoSmart.Infrastructure.csproj", "{39A7370A-2726-4FBD-948A-750C3069B7A8}"
EndProject
Project("{FAE04EC0-301F-11D3-BF4B-00C04F79EFBC}") = "EcoSmart.Domain", "src\EcoSmart.Domain\EcoSmart.Domain.csproj", "{10EA20D5-B1B2-4666-A9CB-A16683EC354A}"
EndProject
Project("{2150E333-8FDC-42A3-9474-1A3956D46DE8}") = "tests", "tests", "{9F20145F-F379-41BC-9E19-39A04F751FFD}"
EndProject
Project("{FAE04EC0-301F-11D3-BF4B-00C04F79EFBC}") = "EcoSmart.UnitTests", "tests\EcoSmart.UnitTests\EcoSmart.UnitTests.csproj", "{8969D991-4E1C-42A9-93A5-9E9C80D43AB0}"
EndProject
Project("{FAE04EC0-301F-11D3-BF4B-00C04F79EFBC}") = "EcoSmart.IntegrationTests", "tests\EcoSmart.IntegrationTests\EcoSmart.IntegrationTests.csproj", "{334CC6DD-FCAE-4B8A-A4CF-D1D2B1E77D4F}"
EndProject
Global
	GlobalSection(SolutionConfigurationPlatforms) = preSolution
		Debug|Any CPU = Debug|Any CPU
		Release|Any CPU = Release|Any CPU
	EndGlobalSection
	GlobalSection(SolutionProperties) = preSolution
		HideSolutionNode = FALSE
	EndGlobalSection
	GlobalSection(ProjectConfigurationPlatforms) = postSolution
		{805C940B-7360-4767-A177-D1A6835C7B70}.Debug|Any CPU.ActiveCfg = Debug|Any CPU
		{805C940B-7360-4767-A177-D1A6835C7B70}.Debug|Any CPU.Build.0 = Debug|Any CPU
		{805C940B-7360-4767-A177-D1A6835C7B70}.Release|Any CPU.ActiveCfg = Release|Any CPU
		{805C940B-7360-4767-A177-D1A6835C7B70}.Release|Any CPU.Build.0 = Release|Any CPU
		{231126AA-F1D1-49F0-86A1-930F714DBFB6}.Debug|Any CPU.ActiveCfg = Debug|Any CPU
		{231126AA-F1D1-49F0-86A1-930F714DBFB6}.Debug|Any CPU.Build.0 = Debug|Any CPU
		{231126AA-F1D1-49F0-86A1-930F714DBFB6}.Release|Any CPU.ActiveCfg = Release|Any CPU
		{231126AA-F1D1-49F0-86A1-930F714DBFB6}.Release|Any CPU.Build.0 = Release|Any CPU
		{39A7370A-2726-4FBD-948A-750C3069B7A8}.Debug|Any CPU.ActiveCfg = Debug|Any CPU
		{39A7370A-2726-4FBD-948A-750C3069B7A8}.Debug|Any CPU.Build.0 = Debug|Any CPU
		{39A7370A-2726-4FBD-948A-750C3069B7A8}.Release|Any CPU.ActiveCfg = Release|Any CPU
		{39A7370A-2726-4FBD-948A-750C3069B7A8}.Release|Any CPU.Build.0 = Release|Any CPU
		{10EA20D5-B1B2-4666-A9CB-A16683EC354A}.Debug|Any CPU.ActiveCfg = Debug|Any CPU
		{10EA20D5-B1B2-4666-A9CB-A16683EC354A}.Debug|Any CPU.Build.0 = Debug|Any CPU
		{10EA20D5-B1B2-4666-A9CB-A16683EC354A}.Release|Any CPU.ActiveCfg = Release|Any CPU
		{10EA20D5-B1B2-4666-A9CB-A16683EC354A}.Release|Any CPU.Build.0 = Release|Any CPU
		{8969D991-4E1C-42A9-93A5-9E9C80D43AB0}.Debug|Any CPU.ActiveCfg = Debug|Any CPU
		{8969D991-4E1C-42A9-93A5-9E9C80D43AB0}.Debug|Any CPU.Build.0 = Debug|Any CPU
		{8969D991-4E1C-42A9-93A5-9E9C80D43AB0}.Release|Any CPU.ActiveCfg = Release|Any CPU
		{8969D991-4E1C-42A9-93A5-9E9C80D43AB0}.Release|Any CPU.Build.0 = Release|Any CPU
		{334CC6DD-FCAE-4B8A-A4CF-D1D2B1E77D4F}.Debug|Any CPU.ActiveCfg = Debug|Any CPU
		{334CC6DD-FCAE-4B8A-A4CF-D1D2B1E77D4F}.Debug|Any CPU.Build.0 = Debug|Any CPU
		{334CC6DD-FCAE-4B8A-A4CF-D1D2B1E77D4F}.Release|Any CPU.ActiveCfg = Release|Any CPU
		{334CC6DD-FCAE-4B8A-A4CF-D1D2B1E77D4F}.Release|Any CPU.Build.0 = Release|Any CPU
	EndGlobalSection
	GlobalSection(NestedProjects) = preSolution
		{805C940B-7360-4767-A177-D1A6835C7B70} = {805B0DE7-1B5A-4185-A848-3CD42CAE8177}
		{231126AA-F1D1-49F0-86A1-930F714DBFB6} = {805B0DE7-1B5A-4185-A848-3CD42CAE8177}
		{39A7370A-2726-4FBD-948A-750C3069B7A8} = {805B0DE7-1B5A-4185-A848-3CD42CAE8177}
		{10EA20D5-B1B2-4666-A9CB-A16683EC354A} = {805B0DE7-1B5A-4185-A848-3CD42CAE8177}
		{8969D991-4E1C-42A9-93A5-9E9C80D43AB0} = {9F20145F-F379-41BC-9E19-39A04F751FFD}
		{334CC6DD-FCAE-4B8A-A4CF-D1D2B1E77D4F} = {9F20145F-F379-41BC-9E19-39A04F751FFD}
	EndGlobalSection
EndGlobal
